// !$*UTF8*$!
{
	archiveVersion = 1;
	classes = {
	};
	objectVersion = 56;
	objects = {

/* Begin PBXBuildFile section */
		1396B4162AA0E86F00238D04 /* JokesApp.swift in Sources */ = {isa = PBXBuildFile; fileRef = 1396B4152AA0E86F00238D04 /* JokesApp.swift */; };
		1396B4182AA0E86F00238D04 /* ContentView.swift in Sources */ = {isa = PBXBuildFile; fileRef = 1396B4172AA0E86F00238D04 /* ContentView.swift */; };
		1396B41A2AA0E87000238D04 /* Assets.xcassets in Resources */ = {isa = PBXBuildFile; fileRef = 1396B4192AA0E87000238D04 /* Assets.xcassets */; };
		1396B41D2AA0E87000238D04 /* Preview Assets.xcassets in Resources */ = {isa = PBXBuildFile; fileRef = 1396B41C2AA0E87000238D04 /* Preview Assets.xcassets */; };
		1396B4292AA0E8DB00238D04 /* Joke.swift in Sources */ = {isa = PBXBuildFile; fileRef = 1396B4282AA0E8DB00238D04 /* Joke.swift */; };
		1396B42B2AA0E93200238D04 /* NetworkManager.swift in Sources */ = {isa = PBXBuildFile; fileRef = 1396B42A2AA0E93200238D04 /* NetworkManager.swift */; };
		1396B42D2AA0EC9600238D04 /* JokeViewModel.swift in Sources */ = {isa = PBXBuildFile; fileRef = 1396B42C2AA0EC9600238D04 /* JokeViewModel.swift */; };
		1396B42F2AA153FD00238D04 /* AdaptiveImage.swift in Sources */ = {isa = PBXBuildFile; fileRef = 1396B42E2AA153FD00238D04 /* AdaptiveImage.swift */; };
/* End PBXBuildFile section */

/* Begin PBXFileReference section */
		1396B4122AA0E86F00238D04 /* Jokes.app */ = {isa = PBXFileReference; explicitFileType = wrapper.application; includeInIndex = 0; path = Jokes.app; sourceTree = BUILT_PRODUCTS_DIR; };
		1396B4152AA0E86F00238D04 /* JokesApp.swift */ = {isa = PBXFileReference; lastKnownFileType = sourcecode.swift; path = JokesApp.swift; sourceTree = "<group>"; };
		1396B4172AA0E86F00238D04 /* ContentView.swift */ = {isa = PBXFileReference; lastKnownFileType = sourcecode.swift; path = ContentView.swift; sourceTree = "<group>"; };
		1396B4192AA0E87000238D04 /* Assets.xcassets */ = {isa = PBXFileReference; lastKnownFileType = folder.assetcatalog; path = Assets.xcassets; sourceTree = "<group>"; };
		1396B41C2AA0E87000238D04 /* Preview Assets.xcassets */ = {isa = PBXFileReference; lastKnownFileType = folder.assetcatalog; path = "Preview Assets.xcassets"; sourceTree = "<group>"; };
		1396B4282AA0E8DB00238D04 /* Joke.swift */ = {isa = PBXFileReference; lastKnownFileType = sourcecode.swift; path = Joke.swift; sourceTree = "<group>"; };
		1396B42A2AA0E93200238D04 /* NetworkManager.swift */ = {isa = PBXFileReference; lastKnownFileType = sourcecode.swift; path = NetworkManager.swift; sourceTree = "<group>"; };
		1396B42C2AA0EC9600238D04 /* JokeViewModel.swift */ = {isa = PBXFileReference; lastKnownFileType = sourcecode.swift; path = JokeViewModel.swift; sourceTree = "<group>"; };
		1396B42E2AA153FD00238D04 /* AdaptiveImage.swift */ = {isa = PBXFileReference; lastKnownFileType = sourcecode.swift; path = AdaptiveImage.swift; sourceTree = "<group>"; };
/* End PBXFileReference section */

/* Begin PBXFrameworksBuildPhase section */
		1396B40F2AA0E86F00238D04 /* Frameworks */ = {
			isa = PBXFrameworksBuildPhase;
			buildActionMask = 2147483647;
			files = (
			);
			runOnlyForDeploymentPostprocessing = 0;
		};
/* End PBXFrameworksBuildPhase section */

/* Begin PBXGroup section */
		1396B4092AA0E86F00238D04 = {
			isa = PBXGroup;
			children = (
				1396B4142AA0E86F00238D04 /* Jokes */,
				1396B4132AA0E86F00238D04 /* Products */,
			);
			sourceTree = "<group>";
		};
		1396B4132AA0E86F00238D04 /* Products */ = {
			isa = PBXGroup;
			children = (
				1396B4122AA0E86F00238D04 /* Jokes.app */,
			);
			name = Products;
			sourceTree = "<group>";
		};
		1396B4142AA0E86F00238D04 /* Jokes */ = {
			isa = PBXGroup;
			children = (
				1396B4272AA0E89D00238D04 /* Model */,
				1396B4262AA0E89600238D04 /* View */,
				1396B4252AA0E88C00238D04 /* ViewModel */,
				1396B4242AA0E88200238D04 /* Network */,
				1396B4232AA0E87700238D04 /* Support */,
				1396B41B2AA0E87000238D04 /* Preview Content */,
			);
			path = Jokes;
			sourceTree = "<group>";
		};
		1396B41B2AA0E87000238D04 /* Preview Content */ = {
			isa = PBXGroup;
			children = (
				1396B41C2AA0E87000238D04 /* Preview Assets.xcassets */,
			);
			path = "Preview Content";
			sourceTree = "<group>";
		};
		1396B4232AA0E87700238D04 /* Support */ = {
			isa = PBXGroup;
			children = (
				1396B4192AA0E87000238D04 /* Assets.xcassets */,
				1396B4152AA0E86F00238D04 /* JokesApp.swift */,
			);
			path = Support;
			sourceTree = "<group>";
		};
		1396B4242AA0E88200238D04 /* Network */ = {
			isa = PBXGroup;
			children = (
				1396B42A2AA0E93200238D04 /* NetworkManager.swift */,
			);
			path = Network;
			sourceTree = "<group>";
		};
		1396B4252AA0E88C00238D04 /* ViewModel */ = {
			isa = PBXGroup;
			children = (
				1396B42C2AA0EC9600238D04 /* JokeViewModel.swift */,
			);
			path = ViewModel;
			sourceTree = "<group>";
		};
		1396B4262AA0E89600238D04 /* View */ = {
			isa = PBXGroup;
			children = (
				1396B4172AA0E86F00238D04 /* ContentView.swift */,
				1396B42E2AA153FD00238D04 /* AdaptiveImage.swift */,
			);
			path = View;
			sourceTree = "<group>";
		};
		1396B4272AA0E89D00238D04 /* Model */ = {
			isa = PBXGroup;
			children = (
				1396B4282AA0E8DB00238D04 /* Joke.swift */,
			);
			path = Model;
			sourceTree = "<group>";
		};
/* End PBXGroup section */

/* Begin PBXNativeTarget section */
		1396B4112AA0E86F00238D04 /* Jokes */ = {
			isa = PBXNativeTarget;
			buildConfigurationList = 1396B4202AA0E87000238D04 /* Build configuration list for PBXNativeTarget "Jokes" */;
			buildPhases = (
				1396B40E2AA0E86F00238D04 /* Sources */,
				1396B40F2AA0E86F00238D04 /* Frameworks */,
				1396B4102AA0E86F00238D04 /* Resources */,
			);
			buildRules = (
			);
			dependencies = (
			);
			name = Jokes;
			productName = Jokes;
			productReference = 1396B4122AA0E86F00238D04 /* Jokes.app */;
			productType = "com.apple.product-type.application";
		};
/* End PBXNativeTarget section */

/* Begin PBXProject section */
		1396B40A2AA0E86F00238D04 /* Project object */ = {
			isa = PBXProject;
			attributes = {
				BuildIndependentTargetsInParallel = 1;
				LastSwiftUpdateCheck = 1420;
				LastUpgradeCheck = 1420;
				TargetAttributes = {
					1396B4112AA0E86F00238D04 = {
						CreatedOnToolsVersion = 14.2;
					};
				};
			};
			buildConfigurationList = 1396B40D2AA0E86F00238D04 /* Build configuration list for PBXProject "Jokes" */;
			compatibilityVersion = "Xcode 14.0";
			developmentRegion = en;
			hasScannedForEncodings = 0;
			knownRegions = (
				en,
				Base,
			);
			mainGroup = 1396B4092AA0E86F00238D04;
			productRefGroup = 1396B4132AA0E86F00238D04 /* Products */;
			projectDirPath = "";
			projectRoot = "";
			targets = (
				1396B4112AA0E86F00238D04 /* Jokes */,
			);
		};
/* End PBXProject section */

/* Begin PBXResourcesBuildPhase section */
		1396B4102AA0E86F00238D04 /* Resources */ = {
			isa = PBXResourcesBuildPhase;
			buildActionMask = 2147483647;
			files = (
				1396B41D2AA0E87000238D04 /* Preview Assets.xcassets in Resources */,
				1396B41A2AA0E87000238D04 /* Assets.xcassets in Resources */,
			);
			runOnlyForDeploymentPostprocessing = 0;
		};
/* End PBXResourcesBuildPhase section */

/* Begin PBXSourcesBuildPhase section */
		1396B40E2AA0E86F00238D04 /* Sources */ = {
			isa = PBXSourcesBuildPhase;
			buildActionMask = 2147483647;
			files = (
				1396B42D2AA0EC9600238D04 /* JokeViewModel.swift in Sources */,
				1396B42B2AA0E93200238D04 /* NetworkManager.swift in Sources */,
				1396B4182AA0E86F00238D04 /* ContentView.swift in Sources */,
				1396B42F2AA153FD00238D04 /* AdaptiveImage.swift in Sources */,
				1396B4162AA0E86F00238D04 /* JokesApp.swift in Sources */,
				1396B4292AA0E8DB00238D04 /* Joke.swift in Sources */,
			);
			runOnlyForDeploymentPostprocessing = 0;
		};
/* End PBXSourcesBuildPhase section */

/* Begin XCBuildConfiguration section */
		1396B41E2AA0E87000238D04 /* Debug */ = {
			isa = XCBuildConfiguration;
			buildSettings = {
				ALWAYS_SEARCH_USER_PATHS = NO;
				CLANG_ANALYZER_NONNULL = YES;
				CLANG_ANALYZER_NUMBER_OBJECT_CONVERSION = YES_AGGRESSIVE;
				CLANG_CXX_LANGUAGE_STANDARD = "gnu++20";
				CLANG_ENABLE_MODULES = YES;
				CLANG_ENABLE_OBJC_ARC = YES;
				CLANG_ENABLE_OBJC_WEAK = YES;
				CLANG_WARN_BLOCK_CAPTURE_AUTORELEASING = YES;
				CLANG_WARN_BOOL_CONVERSION = YES;
				CLANG_WARN_COMMA = YES;
				CLANG_WARN_CONSTANT_CONVERSION = YES;
				CLANG_WARN_DEPRECATED_OBJC_IMPLEMENTATIONS = YES;
				CLANG_WARN_DIRECT_OBJC_ISA_USAGE = YES_ERROR;
				CLANG_WARN_DOCUMENTATION_COMMENTS = YES;
				CLANG_WARN_EMPTY_BODY = YES;
				CLANG_WARN_ENUM_CONVERSION = YES;
				CLANG_WARN_INFINITE_RECURSION = YES;
				CLANG_WARN_INT_CONVERSION = YES;
				CLANG_WARN_NON_LITERAL_NULL_CONVERSION = YES;
				CLANG_WARN_OBJC_IMPLICIT_RETAIN_SELF = YES;
				CLANG_WARN_OBJC_LITERAL_CONVERSION = YES;
				CLANG_WARN_OBJC_ROOT_CLASS = YES_ERROR;
				CLANG_WARN_QUOTED_INCLUDE_IN_FRAMEWORK_HEADER = YES;
				CLANG_WARN_RANGE_LOOP_ANALYSIS = YES;
				CLANG_WARN_STRICT_PROTOTYPES = YES;
				CLANG_WARN_SUSPICIOUS_MOVE = YES;
				CLANG_WARN_UNGUARDED_AVAILABILITY = YES_AGGRESSIVE;
				CLANG_WARN_UNREACHABLE_CODE = YES;
				CLANG_WARN__DUPLICATE_METHOD_MATCH = YES;
				COPY_PHASE_STRIP = NO;
				DEBUG_INFORMATION_FORMAT = dwarf;
				ENABLE_STRICT_OBJC_MSGSEND = YES;
				ENABLE_TESTABILITY = YES;
				GCC_C_LANGUAGE_STANDARD = gnu11;
				GCC_DYNAMIC_NO_PIC = NO;
				GCC_NO_COMMON_BLOCKS = YES;
				GCC_OPTIMIZATION_LEVEL = 0;
				GCC_PREPROCESSOR_DEFINITIONS = (
					"DEBUG=1",
					"$(inherited)",
				);
				GCC_WARN_64_TO_32_BIT_CONVERSION = YES;
				GCC_WARN_ABOUT_RETURN_TYPE = YES_ERROR;
				GCC_WARN_UNDECLARED_SELECTOR = YES;
				GCC_WARN_UNINITIALIZED_AUTOS = YES_AGGRESSIVE;
				GCC_WARN_UNUSED_FUNCTION = YES;
				GCC_WARN_UNUSED_VARIABLE = YES;
				IPHONEOS_DEPLOYMENT_TARGET = 16.2;
				MTL_ENABLE_DEBUG_INFO = INCLUDE_SOURCE;
				MTL_FAST_MATH = YES;
				ONLY_ACTIVE_ARCH = YES;
				SDKROOT = iphoneos;
				SWIFT_ACTIVE_COMPILATION_CONDITIONS = DEBUG;
				SWIFT_OPTIMIZATION_LEVEL = "-Onone";
			};
			name = Debug;
		};
		1396B41F2AA0E87000238D04 /* Release */ = {
			isa = XCBuildConfiguration;
			buildSettings = {
				ALWAYS_SEARCH_USER_PATHS = NO;
				CLANG_ANALYZER_NONNULL = YES;
				CLANG_ANALYZER_NUMBER_OBJECT_CONVERSION = YES_AGGRESSIVE;
				CLANG_CXX_LANGUAGE_STANDARD = "gnu++20";
				CLANG_ENABLE_MODULES = YES;
				CLANG_ENABLE_OBJC_ARC = YES;
				CLANG_ENABLE_OBJC_WEAK = YES;
				CLANG_WARN_BLOCK_CAPTURE_AUTORELEASING = YES;
				CLANG_WARN_BOOL_CONVERSION = YES;
				CLANG_WARN_COMMA = YES;
				CLANG_WARN_CONSTANT_CONVERSION = YES;
				CLANG_WARN_DEPRECATED_OBJC_IMPLEMENTATIONS = YES;
				CLANG_WARN_DIRECT_OBJC_ISA_USAGE = YES_ERROR;
				CLANG_WARN_DOCUMENTATION_COMMENTS = YES;
				CLANG_WARN_EMPTY_BODY = YES;
				CLANG_WARN_ENUM_CONVERSION = YES;
				CLANG_WARN_INFINITE_RECURSION = YES;
				CLANG_WARN_INT_CONVERSION = YES;
				CLANG_WARN_NON_LITERAL_NULL_CONVERSION = YES;
				CLANG_WARN_OBJC_IMPLICIT_RETAIN_SELF = YES;
				CLANG_WARN_OBJC_LITERAL_CONVERSION = YES;
				CLANG_WARN_OBJC_ROOT_CLASS = YES_ERROR;
				CLANG_WARN_QUOTED_INCLUDE_IN_FRAMEWORK_HEADER = YES;
				CLANG_WARN_RANGE_LOOP_ANALYSIS = YES;
				CLANG_WARN_STRICT_PROTOTYPES = YES;
				CLANG_WARN_SUSPICIOUS_MOVE = YES;
				CLANG_WARN_UNGUARDED_AVAILABILITY = YES_AGGRESSIVE;
				CLANG_WARN_UNREACHABLE_CODE = YES;
				CLANG_WARN__DUPLICATE_METHOD_MATCH = YES;
				COPY_PHASE_STRIP = NO;
				DEBUG_INFORMATION_FORMAT = "dwarf-with-dsym";
				ENABLE_NS_ASSERTIONS = NO;
				ENABLE_STRICT_OBJC_MSGSEND = YES;
				GCC_C_LANGUAGE_STANDARD = gnu11;
				GCC_NO_COMMON_BLOCKS = YES;
				GCC_WARN_64_TO_32_BIT_CONVERSION = YES;
				GCC_WARN_ABOUT_RETURN_TYPE = YES_ERROR;
				GCC_WARN_UNDECLARED_SELECTOR = YES;
				GCC_WARN_UNINITIALIZED_AUTOS = YES_AGGRESSIVE;
				GCC_WARN_UNUSED_FUNCTION = YES;
				GCC_WARN_UNUSED_VARIABLE = YES;
				IPHONEOS_DEPLOYMENT_TARGET = 16.2;
				MTL_ENABLE_DEBUG_INFO = NO;
				MTL_FAST_MATH = YES;
				SDKROOT = iphoneos;
				SWIFT_COMPILATION_MODE = wholemodule;
				SWIFT_OPTIMIZATION_LEVEL = "-O";
				VALIDATE_PRODUCT = YES;
			};
			name = Release;
		};
		1396B4212AA0E87000238D04 /* Debug */ = {
			isa = XCBuildConfiguration;
			buildSettings = {
				ASSETCATALOG_COMPILER_APPICON_NAME = AppIcon;
				ASSETCATALOG_COMPILER_GLOBAL_ACCENT_COLOR_NAME = AccentColor;
				CODE_SIGN_STYLE = Automatic;
				CURRENT_PROJECT_VERSION = 1;
				DEVELOPMENT_ASSET_PATHS = "\"Jokes/Preview Content\"";
				DEVELOPMENT_TEAM = T94Y3NV5X8;
				ENABLE_PREVIEWS = YES;
				GENERATE_INFOPLIST_FILE = YES;
				INFOPLIST_KEY_UIApplicationSceneManifest_Generation = YES;
				INFOPLIST_KEY_UIApplicationSupportsIndirectInputEvents = YES;
				INFOPLIST_KEY_UILaunchScreen_Generation = YES;
				INFOPLIST_KEY_UISupportedInterfaceOrientations_iPad = "UIInterfaceOrientationPortrait UIInterfaceOrientationPortraitUpsideDown UIInterfaceOrientationLandscapeLeft UIInterfaceOrientationLandscapeRight";
				INFOPLIST_KEY_UISupportedInterfaceOrientations_iPhone = "UIInterfaceOrientationPortrait UIInterfaceOrientationLandscapeLeft UIInterfaceOrientationLandscapeRight";
				LD_RUNPATH_SEARCH_PATHS = (
					"$(inherited)",
					"@executable_path/Frameworks",
				);
				MARKETING_VERSION = 1.0;
				PRODUCT_BUNDLE_IDENTIFIER = AceEzra.Jokes;
				PRODUCT_NAME = "$(TARGET_NAME)";
				SWIFT_EMIT_LOC_STRINGS = YES;
				SWIFT_VERSION = 5.0;
				TARGETED_DEVICE_FAMILY = "1,2";
			};
			name = Debug;
		};
		1396B4222AA0E87000238D04 /* Release */ = {
			isa = XCBuildConfiguration;
			buildSettings = {
				ASSETCATALOG_COMPILER_APPICON_NAME = AppIcon;
				ASSETCATALOG_COMPILER_GLOBAL_ACCENT_COLOR_NAME = AccentColor;
				CODE_SIGN_STYLE = Automatic;
				CURRENT_PROJECT_VERSION = 1;
				DEVELOPMENT_ASSET_PATHS = "\"Jokes/Preview Content\"";
				DEVELOPMENT_TEAM = T94Y3NV5X8;
				ENABLE_PREVIEWS = YES;
				GENERATE_INFOPLIST_FILE = YES;
				INFOPLIST_KEY_UIApplicationSceneManifest_Generation = YES;
				INFOPLIST_KEY_UIApplicationSupportsIndirectInputEvents = YES;
				INFOPLIST_KEY_UILaunchScreen_Generation = YES;
				INFOPLIST_KEY_UISupportedInterfaceOrientations_iPad = "UIInterfaceOrientationPortrait UIInterfaceOrientationPortraitUpsideDown UIInterfaceOrientationLandscapeLeft UIInterfaceOrientationLandscapeRight";
				INFOPLIST_KEY_UISupportedInterfaceOrientations_iPhone = "UIInterfaceOrientationPortrait UIInterfaceOrientationLandscapeLeft UIInterfaceOrientationLandscapeRight";
				LD_RUNPATH_SEARCH_PATHS = (
					"$(inherited)",
					"@executable_path/Frameworks",
				);
				MARKETING_VERSION = 1.0;
				PRODUCT_BUNDLE_IDENTIFIER = AceEzra.Jokes;
				PRODUCT_NAME = "$(TARGET_NAME)";
				SWIFT_EMIT_LOC_STRINGS = YES;
				SWIFT_VERSION = 5.0;
				TARGETED_DEVICE_FAMILY = "1,2";
			};
			name = Release;
		};
/* End XCBuildConfiguration section */

/* Begin XCConfigurationList section */
		1396B40D2AA0E86F00238D04 /* Build configuration list for PBXProject "Jokes" */ = {
			isa = XCConfigurationList;
			buildConfigurations = (
				1396B41E2AA0E87000238D04 /* Debug */,
				1396B41F2AA0E87000238D04 /* Release */,
			);
			defaultConfigurationIsVisible = 0;
			defaultConfigurationName = Release;
		};
		1396B4202AA0E87000238D04 /* Build configuration list for PBXNativeTarget "Jokes" */ = {
			isa = XCConfigurationList;
			buildConfigurations = (
				1396B4212AA0E87000238D04 /* Debug */,
				1396B4222AA0E87000238D04 /* Release */,
			);
			defaultConfigurationIsVisible = 0;
			defaultConfigurationName = Release;
		};
/* End XCConfigurationList section */
	};
	rootObject = 1396B40A2AA0E86F00238D04 /* Project object */;
}
